
Microsoft Visual Studio Solution File, Format Version 12.00
# Visual Studio Version 17
VisualStudioVersion = 17.3.32901.215
MinimumVisualStudioVersion = 10.0.40219.1
Project("{FAE04EC0-301F-11D3-BF4B-00C04F79EFBC}") = "Game", "Game.csproj", "{0EE8B470-F60E-4E69-9A12-29F822930586}"
EndProject
Global
	GlobalSection(SolutionConfigurationPlatforms) = preSolution
		Debug|Any CPU = Debug|Any CPU
		Release|Any CPU = Release|Any CPU
	EndGlobalSection
	GlobalSection(ProjectConfigurationPlatforms) = postSolution
		{0EE8B470-F60E-4E69-9A12-29F822930586}.Debug|Any CPU.ActiveCfg = Debug|Any CPU
		{0EE8B470-F60E-4E69-9A12-29F822930586}.Debug|Any CPU.Build.0 = Debug|Any CPU
		{0EE8B470-F60E-4E69-9A12-29F822930586}.Release|Any CPU.ActiveCfg = Release|Any CPU
		{0EE8B470-F60E-4E69-9A12-29F822930586}.Release|Any CPU.Build.0 = Release|Any CPU
	EndGlobalSection
	GlobalSection(SolutionProperties) = preSolution
		HideSolutionNode = FALSE
	EndGlobalSection
	GlobalSection(ExtensibilityGlobals) = postSolution
		SolutionGuid = {B4373D3E-3976-4DD0-9774-4CA906CF85E7}
	EndGlobalSection
EndGlobal
